github.com/cdvelop/api v0.0.69 h1:UBYNIGWOKkcZnyfz96tVIw2q5BxxIr2hDYP9MBS9koA=
github.com/cdvelop/compiler v0.0.82 h1:6sbhCV2GWAszxr0kqmHfdJyn/zM8uTDiR2Y4m6ZbAY8=
github.com/cdvelop/compiler v0.0.82/go.mod h1:Ol39ygOTBHjTYR3anRJvRWPT2NxtURhY2wxFs85nE0A=
github.com/cdvelop/cutkey v1.0.0 h1:lv9njJ/QuB43OGB4LPDiutY4qvHOZ9RpV7cYaZ13pWM=
github.com/cdvelop/dbtools v0.0.68 h1:AGEZDNeZGvi2Y4QMrJdQ1Opwh6eI8Mc/VebYnUrWpBA=
github.com/cdvelop/dev_browser v0.0.35 h1:yAeS6LJc7OJMB26D8nXRcFDdfvImGMD08O3lV2ShVkA=
github.com/cdvelop/dev_browser v0.0.35/go.mod h1:Bj2F8MO0/c7YNWkJT7Aah2clMAoq5sSB/jCNofdjNn4=
github.com/cdvelop/fetchserver v0.0.11 h1:VmrBiHaMh62Xvy9IoEGckMYKYblHiUmbXzt8jdOwLNI=
github.com/cdvelop/filehandler v0.0.15 h1:rQCvCMbdmvOP7BePjZ2UdXIBSOvOvb/UAVtENDLv9Es=
github.com/cdvelop/filehandler v0.0.15/go.mod h1:9vu1Qnqq2f0AnIq94VCW0C+GUeCaaKslh4+utPYwPBI=
github.com/cdvelop/fileinput v0.0.39 h1:lkNeqSv7Q6u7JlGU3ZXhhjN/hrNxvDghlM1cejYhzNI=
github.com/cdvelop/fileserver v0.0.34 h1:qekuqa0TJr1JMEOZoqdeg4m58hQa4mj/rDFKd6oo2e8=
github.com/cdvelop/fileserver v0.0.34/go.mod h1:gBtwsqe10wl4QcYSpxbh6rTVRtZheZ3sOuPzQYfxfXI=
github.com/cdvelop/git v0.0.2 h1:srcsK34PXXqUxl9bCyhZB8Lr+kKc9h3XzcpNPG+YK00=
github.com/cdvelop/git v0.0.2/go.mod h1:vwsYUKRcvNVbqHsn/vrpCHKEsZKoY81g1i8t08zSMxQ=
github.com/cdvelop/gomod v0.0.48 h1:ma4En8jjAPBkN3JMPtCwSENsWRWU/TdjpdOIQp6eW3E=
github.com/cdvelop/gomod v0.0.48/go.mod h1:4ZcJ5YZNoh2AjjqDj1QR5PxNyMCDNXsGr0iTopdmie4=
github.com/cdvelop/gookie v0.0.2 h1:vPswdHzP8/dvhsZX5TIczgG3Zb4KZuhHZFqb6CigmUg=
github.com/cdvelop/gookie v0.0.2/go.mod h1:os8M4nUUy1o5q7bXrR0XptI/UWNh3NXnVJUtPMTpik0=
github.com/cdvelop/gotools v0.0.67 h1:TFRVYw0UmN5h2/0EVvGL96QIAAfUBXURc4UbwlRT6zA=
github.com/cdvelop/input v0.0.62 h1:UeSYYBfGUaeMFLW85v9f+7Yqahmsw8KynFpvNzu2USM=
github.com/cdvelop/input v0.0.62/go.mod h1:jQwrSqhJlrIXM1phVzwlLm2m/kEsU1DCIWqnpWgegfg=
github.com/cdvelop/ldflags v0.0.5 h1:bKRuHyJSssMwLikcQOXbi0tn948d6M7EGu33KLifJO4=
github.com/cdvelop/ldflags v0.0.5/go.mod h1:3ARkzz4wQRw46LGAoIlBNi9pME9Bmk9WtIryoxvg3dk=
github.com/cdvelop/logserver v0.0.13 h1:duK4XxlUyqAUpKXgHGW1QidNdaB5N4feWBMQPSoKx78=
github.com/cdvelop/maps v0.0.7 h1:2z8obanMy8d8LoSYngINQyiZvDC+2j9gntX0VbJ21kc=
github.com/cdvelop/maps v0.0.7/go.mod h1:pxXQhqgImVse91Wn/nntebcBspDc4JKQv8NC3apxfLU=
github.com/cdvelop/model v0.0.79 h1:u/19TV3tmPKRthozOgpoQr8Av6TMUoXw8ho3+eKFm+Y=
github.com/cdvelop/model v0.0.79/go.mod h1:cYJNxbv1WV/aDgiVPV9VXs8LrbF8+0nU+X+KfSevyzw=
github.com/cdvelop/object v0.0.43 h1:QUvJGjB6qNrvBvBNLQOcf5vT+f2gQFW6gSHra35UzII=
github.com/cdvelop/object v0.0.43/go.mod h1:L4sHJoTHCGKxDrzZE2uP5VCDxkX+SJs/nWHp+YL06Uo=
github.com/cdvelop/objectdb v0.0.92 h1:IOkSWpe8n6AkKH2OqRsz7x5rOA49r8SNKucePsViu/4=
github.com/cdvelop/output v0.0.16 h1:4hmAy0kF98dVEWj2qq6fMtiq3pz1ZTDmxf9AgHiBb7g=
github.com/cdvelop/output v0.0.16/go.mod h1:J0NdlSxlURjPlX82VUmaq7o9Z4omOSH0yLUoioPdELc=
github.com/cdvelop/platform v0.0.50 h1:UOLWYYYTeoeMyfkrL20WXDUVlzROGlO7XAWu1FlXFgU=
github.com/cdvelop/sessionbackend v0.0.9 h1:Prhcktj27HiXvqqSxwBDM2zF4B3ADV6n/MlSE+VbIMs=
github.com/cdvelop/sessionbackend v0.0.9/go.mod h1:nRYxAVZ5B2k99F8++zM8vVXC28KUdScjDEUFAvVuylk=
github.com/cdvelop/sessionhandler v0.0.6 h1:BHNf2GyLO+LjqhCsbu3/zKhJrqEpkxAS5xt2ZxDDECA=
github.com/cdvelop/sessionhandler v0.0.6/go.mod h1:OOcpapstVc/gZvUOGx8vkG7z72z/eK4eMbr5hHhvdEE=
github.com/cdvelop/sqlite v0.0.84 h1:sLWcMS0tvuLIIvtK9AVzeoB3tsjNB54afYadWNobJgE=
github.com/cdvelop/strings v0.0.8 h1:liZNqboKkU3YpetJF/6FpWlWErSJfK7ISnIWD6SAf/E=
github.com/cdvelop/strings v0.0.8/go.mod h1:zNexDeXHRETbMmlmNThQeM7ksRsvzrphsCfwuSxaURk=
github.com/cdvelop/testools v0.0.50 h1:a9DbFE2meKzSj6H+Wz8MkPoAMX14J2SNaTpL+nu8zy8=
github.com/cdvelop/timeserver v0.0.27 h1:DyFQWNtVPLe8R0GIhlo9P4+biZQUsqxHkyzGZ5pWEAM=
github.com/cdvelop/timetools v0.0.28 h1:deG3CoMbItderXCsR77aQK4t7beBocLQvollpoeZ32s=
github.com/cdvelop/timetools v0.0.28/go.mod h1:pldiqgD86bayORZC0wlEqAT8A+WxJIHvhrY899yP1e0=
github.com/cdvelop/token v0.0.4 h1:X11pscnKdzx0tO/nbNi2cNbT+BU6nfK2EHKTsFDatvg=
github.com/cdvelop/token v0.0.4/go.mod h1:ANC5a0EWBo/iXNxSAY6tecAcv9tPHv9/nzvK7cuzAhg=
github.com/cdvelop/unixid v0.0.28 h1:ey/wRGV89UL/98zvVWpE2apfI8OKqPn7oxi1vYxetkI=
github.com/cdvelop/unixid v0.0.28/go.mod h1:3YjJzqIunS1LcPWTpejXth4zSyf1rRazE7REYLXQrP4=
github.com/cdvelop/watch_files v0.0.18 h1:yH9J+vWj1C/lMwrV5+zEib8IFkYuJkTRXcqNvcRDO10=
github.com/cdvelop/watch_files v0.0.18/go.mod h1:f51+xyhnoNiIhv1E6RBu1elkUCdMM4ddNW6xzaS8x3g=
github.com/chromedp/cdproto v0.0.0-20231011050154-1d073bb38998/go.mod h1:GKljq0VrfU4D5yc+2qA6OVr8pmO/MBbPEWqWQ/oqGEs=
github.com/chromedp/cdproto v0.0.0-20231205062650-00455a960d61 h1:XD280QPATe9jaz20dylKe3vBsNcH1w3mkssGY0lidn8=
github.com/chromedp/cdproto v0.0.0-20231205062650-00455a960d61/go.mod h1:GKljq0VrfU4D5yc+2qA6OVr8pmO/MBbPEWqWQ/oqGEs=
github.com/chromedp/chromedp v0.9.3 h1:Wq58e0dZOdHsxaj9Owmfcf+ibtpYN1N0FWVbaxa/esg=
github.com/chromedp/chromedp v0.9.3/go.mod h1:NipeUkUcuzIdFbBP8eNNvl9upcceOfWzoJn6cRe4ksA=
github.com/chromedp/sysutil v1.0.0 h1:+ZxhTpfpZlmchB58ih/LBHX52ky7w2VhQVKQMucy3Ic=
github.com/chromedp/sysutil v1.0.0/go.mod h1:kgWmDdq8fTzXYcKIBqIYvRRTnYb9aNS9moAV0xufSww=
github.com/dgrijalva/jwt-go v3.2.0+incompatible h1:7qlOGliEKZXTDg6OTjfoBKDXWrumCAMpl/TFQ4/5kLM=
github.com/dgrijalva/jwt-go v3.2.0+incompatible/go.mod h1:E3ru+11k8xSBh+hMPgOLZmtrrCbhqsmaPHjLKYnJCaQ=
github.com/fsnotify/fsnotify v1.7.0 h1:8JEhPFa5W2WU7YfeZzPNqzMP6Lwt7L2715Ggo0nosvA=
github.com/fsnotify/fsnotify v1.7.0/go.mod h1:40Bi/Hjc2AVfZrqy+aj+yEI+/bRxZnMJyTJwOpGvigM=
github.com/fstanis/screenresolution v0.0.0-20190527020317-869904d15333 h1:bIyCNaDet0wYUhGrWQvRAUKR9qa5cQLzSwdfjUbRXS8=
github.com/fstanis/screenresolution v0.0.0-20190527020317-869904d15333/go.mod h1:d2iTCFnmqCbjn2OyUNkUduH9ZPGf+uqRJS3zwqFb3go=
github.com/gabriel-vasile/mimetype v1.4.3 h1:in2uUcidCuFcDKtdcBxlR0rJ1+fsokWf+uqxgUFjbI0=
github.com/gabriel-vasile/mimetype v1.4.3/go.mod h1:d8uq/6HKRL6CGdk+aubisF/M5GcPfT7nKyLpA0lbSSk=
github.com/gobwas/httphead v0.1.0 h1:exrUm0f4YX0L7EBwZHuCF4GDp8aJfVeBrlLQrs6NqWU=
github.com/gobwas/httphead v0.1.0/go.mod h1:O/RXo79gxV8G+RqlR/otEwx4Q36zl9rqC5u12GKvMCM=
github.com/gobwas/pool v0.2.1 h1:xfeeEhW7pwmX8nuLVlqbzVc7udMDrwetjEv+TZIz1og=
github.com/gobwas/pool v0.2.1/go.mod h1:q8bcK0KcYlCgd9e7WYLm9LpyS+YeLd8JVDW6WezmKEw=
github.com/gobwas/ws v1.3.0/go.mod h1:hRKAFb8wOxFROYNsT1bqfWnhX+b5MFeJM9r2ZSwg/KY=
github.com/gobwas/ws v1.3.1 h1:Qi34dfLMWJbiKaNbDVzM9x27nZBjmkaW6i4+Ku+pGVU=
github.com/gobwas/ws v1.3.1/go.mod h1:hRKAFb8wOxFROYNsT1bqfWnhX+b5MFeJM9r2ZSwg/KY=
github.com/golang/protobuf v1.5.0/go.mod h1:FsONVRAS9T7sI+LIUmWTfcYkHO4aIWwzhcaSAoJOfIk=
github.com/golang/protobuf v1.5.2/go.mod h1:XVQd3VNwM+JqD3oG2Ue2ip4fOMUkwXdXDdiuN0vRsmY=
github.com/golang/protobuf v1.5.3 h1:KhyjKVUg7Usr/dYsdSqoFveMYd5ko72D+zANwlG1mmg=
github.com/golang/protobuf v1.5.3/go.mod h1:XVQd3VNwM+JqD3oG2Ue2ip4fOMUkwXdXDdiuN0vRsmY=
github.com/google/go-cmp v0.5.5/go.mod h1:v8dTdLbMG2kIc/vJvl+f65V22dbkXbowE6jgT/gNBxE=
github.com/google/go-cmp v0.5.9 h1:O2Tfq5qg4qc4AmwVlvv0oLiVAGB7enBSJ2x2DqQFi38=
github.com/josharian/intern v1.0.0 h1:vlS4z54oSdjm0bgjRigI+G1HpF+tI+9rE5LLzOg8HmY=
github.com/josharian/intern v1.0.0/go.mod h1:5DoeVV0s6jJacbCEi61lwdGj/aVlrQvzHFFd8Hwg//Y=
github.com/ledongthuc/pdf v0.0.0-20220302134840-0c2507a12d80 h1:6Yzfa6GP0rIo/kULo2bwGEkFvCePZ3qHDDTC3/J9Swo=
github.com/ledongthuc/pdf v0.0.0-20220302134840-0c2507a12d80/go.mod h1:imJHygn/1yfhB7XSJJKlFZKl/J+dCPAknuiaGOshXAs=
github.com/lxn/win v0.0.0-20210218163916-a377121e959e h1:H+t6A/QJMbhCSEH5rAuRxh+CtW96g0Or0Fxa9IKr4uc=
github.com/lxn/win v0.0.0-20210218163916-a377121e959e/go.mod h1:KxxjdtRkfNoYDCUP5ryK7XJJNTnpC8atvtmTheChOtk=
github.com/mailru/easyjson v0.7.7 h1:UGYAvKxe3sBsEDzO8ZeWOSlIQfWFlxbzLZe7hwFURr0=
github.com/mailru/easyjson v0.7.7/go.mod h1:xzfreul335JAWq5oZzymOObrkdz5UnU4kGfJJLY9Nlc=
github.com/mattn/go-sqlite3 v1.14.18 h1:JL0eqdCOq6DJVNPSvArO/bIV9/P7fbGrV00LZHc+5aI=
github.com/orisano/pixelmatch v0.0.0-20220722002657-fb0b55479cde h1:x0TT0RDC7UhAVbbWWBzr41ElhJx5tXPWkIHA2HWPRuw=
github.com/orisano/pixelmatch v0.0.0-20220722002657-fb0b55479cde/go.mod h1:nZgzbfBr3hhjoZnS66nKrHmduYNpc34ny7RK4z5/HM0=
github.com/tdewolff/minify v2.3.6+incompatible h1:2hw5/9ZvxhWLvBUnHE06gElGYz+Jv9R4Eys0XUzItYo=
github.com/tdewolff/minify v2.3.6+incompatible/go.mod h1:9Ov578KJUmAWpS6NeZwRZyT56Uf6o3Mcz9CEsg8USYs=
github.com/tdewolff/parse v2.3.4+incompatible h1:x05/cnGwIMf4ceLuDMBOdQ1qGniMoxpP46ghf0Qzh38=
github.com/tdewolff/parse v2.3.4+incompatible/go.mod h1:8oBwCsVmUkgHO8M5iCzSIDtpzXOT0WXX9cWhz+bIzJQ=
github.com/tdewolff/test v1.0.10 h1:uWiheaLgLcNFqHcdWveum7PQfMnIUTf9Kl3bFxrIoew=
github.com/yuin/goldmark v1.4.13/go.mod h1:6yULJ656Px+3vBD8DxQVa3kxgyrAnzto9xy5taEt/CY=
golang.org/x/crypto v0.0.0-20190308221718-c2843e01d9a2/go.mod h1:djNgcEr1/C05ACkg1iLfiJU5Ep61QUkGW8qpdssI0+w=
golang.org/x/crypto v0.0.0-20210921155107-089bfa567519/go.mod h1:GvvjBRRGRdwPK5ydBHafDWAxML/pGHZbMvKqRZ5+Abc=
golang.org/x/mod v0.6.0-dev.0.20220419223038-86c51ed26bb4/go.mod h1:jJ57K6gSWd91VN4djpZkiMVwK6gcyfeH4XE8wZrZaV4=
golang.org/x/net v0.0.0-20190620200207-3b0461eec859/go.mod h1:z5CRVTTTmAJ677TzLLGU+0bjPO0LkuOLi4/5GtJWs/s=
golang.org/x/net v0.0.0-20210226172049-e18ecbb05110/go.mod h1:m0MpNAwzfU5UDzcl9v0D8zg8gWTRqZa9RBIspLL5mdg=
golang.org/x/net v0.0.0-20220722155237-a158d28d115b/go.mod h1:XRhObCWvk6IyKnWLug+ECip1KBveYUHfp+8e9klMJ9c=
golang.org/x/net v0.19.0 h1:zTwKpTd2XuCqf8huc7Fo2iSy+4RHPd10s4KzeTnVr1c=
golang.org/x/net v0.19.0/go.mod h1:CfAk/cbD4CthTvqiEl8NpboMuiuOYsAr/7NOjZJtv1U=
golang.org/x/oauth2 v0.15.0 h1:s8pnnxNVzjWyrvYdFUQq5llS1PX2zhPXmccZv99h7uQ=
golang.org/x/oauth2 v0.15.0/go.mod h1:q48ptWNTY5XWf+JNten23lcvHpLJ0ZSxF5ttTHKVCAM=
golang.org/x/sync v0.0.0-20190423024810-112230192c58/go.mod h1:RxMgew5VJxzue5/jJTE5uejpjVlOe/izrB70Jof72aM=
golang.org/x/sync v0.0.0-20220722155255-886fb9371eb4/go.mod h1:RxMgew5VJxzue5/jJTE5uejpjVlOe/izrB70Jof72aM=
golang.org/x/sys v0.0.0-20190215142949-d0b11bdaac8a/go.mod h1:STP8DvDyc/dI5b8T5hshtkjS+E42TnysNCUPdjciGhY=
golang.org/x/sys v0.0.0-20201018230417-eeed37f84f13/go.mod h1:h1NjWce9XRLGQEsW7wpKNCjG9DtNlClVuFLEZdDNbEs=
golang.org/x/sys v0.0.0-20201119102817-f84b799fce68/go.mod h1:h1NjWce9XRLGQEsW7wpKNCjG9DtNlClVuFLEZdDNbEs=
golang.org/x/sys v0.0.0-20210615035016-665e8c7367d1/go.mod h1:oPkhp1MJrh7nUepCBck5+mAzfO9JrbApNNgaTdGDITg=
golang.org/x/sys v0.0.0-20220520151302-bc2c85ada10a/go.mod h1:oPkhp1MJrh7nUepCBck5+mAzfO9JrbApNNgaTdGDITg=
golang.org/x/sys v0.0.0-20220722155257-8c9f86f7a55f/go.mod h1:oPkhp1MJrh7nUepCBck5+mAzfO9JrbApNNgaTdGDITg=
golang.org/x/sys v0.6.0/go.mod h1:oPkhp1MJrh7nUepCBck5+mAzfO9JrbApNNgaTdGDITg=
golang.org/x/sys v0.15.0 h1:h48lPFYpsTvQJZF4EKyI4aLHaev3CxivZmv7yZig9pc=
golang.org/x/sys v0.15.0/go.mod h1:/VUhepiaJMQUp4+oa/7Zr1D23ma6VTLIYjOOTFZPUcA=
golang.org/x/term v0.0.0-20201126162022-7de9c90e9dd1/go.mod h1:bj7SfCRtBDWHUb9snDiAeCFNEtKQo2Wmx5Cou7ajbmo=
golang.org/x/term v0.0.0-20210927222741-03fcf44c2211/go.mod h1:jbD1KX2456YbFQfuXm/mYQcufACuNUgVhRMnK/tPxf8=
golang.org/x/text v0.3.0/go.mod h1:NqM8EUOU14njkJ3fqMW+pc6Ldnwhi/IjpwHt7yyuwOQ=
golang.org/x/text v0.3.3/go.mod h1:5Zoc/QRtKVWzQhOtBMvqHzDpF6irO9z98xDceosuGiQ=
golang.org/x/text v0.3.7/go.mod h1:u+2+/6zg+i71rQMx5EYifcz6MCKuco9NR6JIITiCfzQ=
golang.org/x/text v0.3.8/go.mod h1:E6s5w1FMmriuDzIBO73fBruAKo1PCIq6d2Q6DHfQ8WQ=
golang.org/x/text v0.14.0 h1:ScX5w1eTa3QqT8oi6+ziP7dTV1S2+ALU0bI+0zXKWiQ=
golang.org/x/tools v0.0.0-20180917221912-90fa682c2a6e/go.mod h1:n7NCudcB/nEzxVGmLbDWY5pfWTLqBcC2KZ6jyYvM4mQ=
golang.org/x/tools v0.0.0-20191119224855-298f0cb1881e/go.mod h1:b+2E5dAYhXwXZwtnZ6UAqBI28+e2cm9otk0dWdXHAEo=
golang.org/x/tools v0.1.12/go.mod h1:hNGJHUnrk76NpqgfD5Aqm5Crs+Hm0VOH/i9J2+nxYbc=
golang.org/x/xerrors v0.0.0-20190717185122-a985d3407aa7/go.mod h1:I/5z698sn9Ka8TeJc9MKroUUfqBBauWjQqLJ2OPfmY0=
golang.org/x/xerrors v0.0.0-20191204190536-9bdfabe68543/go.mod h1:I/5z698sn9Ka8TeJc9MKroUUfqBBauWjQqLJ2OPfmY0=
google.golang.org/appengine v1.6.8 h1:IhEN5q69dyKagZPYMSdIjS2HqprW324FRQZJcGqPAsM=
google.golang.org/appengine v1.6.8/go.mod h1:1jJ3jBArFh5pcgW8gCtRJnepW8FzD1V44FJffLiz/Ds=
google.golang.org/protobuf v1.26.0-rc.1/go.mod h1:jlhhOSvTdKEhbULTjvd4ARK9grFBp09yW+WbY/TyQbw=
google.golang.org/protobuf v1.26.0/go.mod h1:9q0QmTI4eRPtz6boOQmLYwt+qCgq0jsYwAQnmE0givc=
google.golang.org/protobuf v1.31.0 h1:g0LDEJHgrBl9N9r17Ru3sqWhkIx2NB67okBHPwC7hs8=
google.golang.org/protobuf v1.31.0/go.mod h1:HV8QOd/L58Z+nl8r43ehVNZIU/HEI6OcFqwMG9pJV4I=
